Microsoft Visual Studio Solution File, Format Version 12.00
# Visual Studio Version 17
VisualStudioVersion = 17.5.2.0
MinimumVisualStudioVersion = 10.0.40219.1
Project("{FAE04EC0-301F-11D3-BF4B-00C04F79EFBC}") = "DentalHealthTracker", "DentalHealthTracker.csproj", "{CD36A62C-348D-C69F-3831-D67F0617DBDA}"
EndProject
Global
	GlobalSection(SolutionConfigurationPlatforms) = preSolution
		Debug|Any CPU = Debug|Any CPU
		Release|Any CPU = Release|Any CPU
	EndGlobalSection
	GlobalSection(ProjectConfigurationPlatforms) = postSolution
		{CD36A62C-348D-C69F-3831-D67F0617DBDA}.Debug|Any CPU.ActiveCfg = Debug|Any CPU
		{CD36A62C-348D-C69F-3831-D67F0617DBDA}.Debug|Any CPU.Build.0 = Debug|Any CPU
		{CD36A62C-348D-C69F-3831-D67F0617DBDA}.Release|Any CPU.ActiveCfg = Release|Any CPU
		{CD36A62C-348D-C69F-3831-D67F0617DBDA}.Release|Any CPU.Build.0 = Release|Any CPU
	EndGlobalSection
	GlobalSection(SolutionProperties) = preSolution
		HideSolutionNode = FALSE
	EndGlobalSection
	GlobalSection(ExtensibilityGlobals) = postSolution
		SolutionGuid = {7EB8551C-DAFA-4AE9-A2DB-DAEE4436839B}
	EndGlobalSection
EndGlobal
